// !$*UTF8*$!
{
	archiveVersion = 1;
	classes = {
	};
	objectVersion = 48;
	objects = {

/* Begin PBXBuildFile section */
		7E640FA2FE36C1042AD27707 /* Pods_SampleCIAndCDTests.framework in Frameworks */ = {isa = PBXBuildFile; fileRef = 6D36786E63D0532CABFC4D24 /* Pods_SampleCIAndCDTests.framework */; };
		7F4FCE082066357800395224 /* Home.xcassets in Resources */ = {isa = PBXBuildFile; fileRef = 7F4FCE072066357700395224 /* Home.xcassets */; };
		7F4FCE0B2066363000395224 /* Annotation.swift in Sources */ = {isa = PBXBuildFile; fileRef = 7F4FCE0A2066363000395224 /* Annotation.swift */; };
		7F4FCE0E2066367D00395224 /* LoaderViewController.swift in Sources */ = {isa = PBXBuildFile; fileRef = 7F4FCE0D2066367D00395224 /* LoaderViewController.swift */; };
		7F4FCE1120663EBB00395224 /* HomeViewController.swift in Sources */ = {isa = PBXBuildFile; fileRef = 7F4FCE1020663EBB00395224 /* HomeViewController.swift */; };
		7F4FCE1A20663F8900395224 /* HomeModel.swift in Sources */ = {isa = PBXBuildFile; fileRef = 7F4FCE1920663F8800395224 /* HomeModel.swift */; };
		7F4FCE1F20663F9300395224 /* userBriefView.swift in Sources */ = {isa = PBXBuildFile; fileRef = 7F4FCE1B20663F9200395224 /* userBriefView.swift */; };
		7F4FCE2020663F9300395224 /* GridTypeCollectionViewCell.swift in Sources */ = {isa = PBXBuildFile; fileRef = 7F4FCE1C20663F9200395224 /* GridTypeCollectionViewCell.swift */; };
		7F4FCE2120663F9300395224 /* ListTypeCollectionViewCell.swift in Sources */ = {isa = PBXBuildFile; fileRef = 7F4FCE1D20663F9200395224 /* ListTypeCollectionViewCell.swift */; };
		7F4FCE2220663F9300395224 /* HomeView.swift in Sources */ = {isa = PBXBuildFile; fileRef = 7F4FCE1E20663F9300395224 /* HomeView.swift */; };
		7F4FCE252066402500395224 /* DatabaseHandler.swift in Sources */ = {isa = PBXBuildFile; fileRef = 7F4FCE232066402500395224 /* DatabaseHandler.swift */; };
		7F4FCE262066402500395224 /* ServiceHandler.swift in Sources */ = {isa = PBXBuildFile; fileRef = 7F4FCE242066402500395224 /* ServiceHandler.swift */; };
		7F4FCE2A2066410A00395224 /* DetailViewController.swift in Sources */ = {isa = PBXBuildFile; fileRef = 7F4FCE292066410900395224 /* DetailViewController.swift */; };
		7F4FCE2D2066412500395224 /* DetailsTableViewCell.swift in Sources */ = {isa = PBXBuildFile; fileRef = 7F4FCE2B2066412500395224 /* DetailsTableViewCell.swift */; };
		7F4FCE2E2066412500395224 /* DetailView.swift in Sources */ = {isa = PBXBuildFile; fileRef = 7F4FCE2C2066412500395224 /* DetailView.swift */; };
		7F6A93832065F3150039B898 /* AppDelegate.swift in Sources */ = {isa = PBXBuildFile; fileRef = 7F6A93822065F3150039B898 /* AppDelegate.swift */; };
		7F6A93852065F3150039B898 /* ViewController.swift in Sources */ = {isa = PBXBuildFile; fileRef = 7F6A93842065F3150039B898 /* ViewController.swift */; };
		7F6A93882065F3150039B898 /* Main.storyboard in Resources */ = {isa = PBXBuildFile; fileRef = 7F6A93862065F3150039B898 /* Main.storyboard */; };
		7F6A938B2065F3150039B898 /* SampleCIAndCD.xcdatamodeld in Sources */ = {isa = PBXBuildFile; fileRef = 7F6A93892065F3150039B898 /* SampleCIAndCD.xcdatamodeld */; };
		7F6A938D2065F3150039B898 /* Assets.xcassets in Resources */ = {isa = PBXBuildFile; fileRef = 7F6A938C2065F3150039B898 /* Assets.xcassets */; };
		7F6A93902065F3150039B898 /* LaunchScreen.storyboard in Resources */ = {isa = PBXBuildFile; fileRef = 7F6A938E2065F3150039B898 /* LaunchScreen.storyboard */; };
		7F6A939B2065F3150039B898 /* SampleCIAndCDTests.swift in Sources */ = {isa = PBXBuildFile; fileRef = 7F6A939A2065F3150039B898 /* SampleCIAndCDTests.swift */; };
		7F6A93A62065F3150039B898 /* SampleCIAndCDUITests.swift in Sources */ = {isa = PBXBuildFile; fileRef = 7F6A93A52065F3150039B898 /* SampleCIAndCDUITests.swift */; };
		9BF658A1F421E73188F4E7E5 /* Pods_SampleCIAndCDUITests.framework in Frameworks */ = {isa = PBXBuildFile; fileRef = 51F0E5AA3FB60B5686A267E7 /* Pods_SampleCIAndCDUITests.framework */; };
		DE00D25E561BC1B6FA23F70A /* Pods_SampleCIAndCD.framework in Frameworks */ = {isa = PBXBuildFile; fileRef = 69F49194C625C076CB15B932 /* Pods_SampleCIAndCD.framework */; };
/* End PBXBuildFile section */

/* Begin PBXContainerItemProxy section */
		7F6A93972065F3150039B898 /* PBXContainerItemProxy */ = {
			isa = PBXContainerItemProxy;
			containerPortal = 7F6A93772065F3150039B898 /* Project object */;
			proxyType = 1;
			remoteGlobalIDString = 7F6A937E2065F3150039B898;
			remoteInfo = SampleCIAndCD;
		};
		7F6A93A22065F3150039B898 /* PBXContainerItemProxy */ = {
			isa = PBXContainerItemProxy;
			containerPortal = 7F6A93772065F3150039B898 /* Project object */;
			proxyType = 1;
			remoteGlobalIDString = 7F6A937E2065F3150039B898;
			remoteInfo = SampleCIAndCD;
		};
/* End PBXContainerItemProxy section */

/* Begin PBXFileReference section */
		27CD2B9F7A19F885DE66C991 /* Pods-SampleCIAndCDTests.release.xcconfig */ = {isa = PBXFileReference; includeInIndex = 1; lastKnownFileType = text.xcconfig; name = "Pods-SampleCIAndCDTests.release.xcconfig"; path = "Pods/Target Support Files/Pods-SampleCIAndCDTests/Pods-SampleCIAndCDTests.release.xcconfig"; sourceTree = "<group>"; };
		346301E984D4A4E5CA7D74D3 /* Pods-SampleCIAndCDTests.debug.xcconfig */ = {isa = PBXFileReference; includeInIndex = 1; lastKnownFileType = text.xcconfig; name = "Pods-SampleCIAndCDTests.debug.xcconfig"; path = "Pods/Target Support Files/Pods-SampleCIAndCDTests/Pods-SampleCIAndCDTests.debug.xcconfig"; sourceTree = "<group>"; };
		51F0E5AA3FB60B5686A267E7 /* Pods_SampleCIAndCDUITests.framework */ = {isa = PBXFileReference; explicitFileType = wrapper.framework; includeInIndex = 0; path = Pods_SampleCIAndCDUITests.framework; sourceTree = BUILT_PRODUCTS_DIR; };
		69F49194C625C076CB15B932 /* Pods_SampleCIAndCD.framework */ = {isa = PBXFileReference; explicitFileType = wrapper.framework; includeInIndex = 0; path = Pods_SampleCIAndCD.framework; sourceTree = BUILT_PRODUCTS_DIR; };
		6D36786E63D0532CABFC4D24 /* Pods_SampleCIAndCDTests.framework */ = {isa = PBXFileReference; explicitFileType = wrapper.framework; includeInIndex = 0; path = Pods_SampleCIAndCDTests.framework; sourceTree = BUILT_PRODUCTS_DIR; };
		7F4FCE072066357700395224 /* Home.xcassets */ = {isa = PBXFileReference; lastKnownFileType = folder.assetcatalog; path = Home.xcassets; sourceTree = "<group>"; };
		7F4FCE0A2066363000395224 /* Annotation.swift */ = {isa = PBXFileReference; fileEncoding = 4; lastKnownFileType = sourcecode.swift; path = Annotation.swift; sourceTree = "<group>"; };
		7F4FCE0D2066367D00395224 /* LoaderViewController.swift */ = {isa = PBXFileReference; fileEncoding = 4; lastKnownFileType = sourcecode.swift; path = LoaderViewController.swift; sourceTree = "<group>"; };
		7F4FCE1020663EBB00395224 /* HomeViewController.swift */ = {isa = PBXFileReference; fileEncoding = 4; lastKnownFileType = sourcecode.swift; path = HomeViewController.swift; sourceTree = "<group>"; };
		7F4FCE1920663F8800395224 /* HomeModel.swift */ = {isa = PBXFileReference; fileEncoding = 4; lastKnownFileType = sourcecode.swift; path = HomeModel.swift; sourceTree = "<group>"; };
		7F4FCE1B20663F9200395224 /* userBriefView.swift */ = {isa = PBXFileReference; fileEncoding = 4; lastKnownFileType = sourcecode.swift; path = userBriefView.swift; sourceTree = "<group>"; };
		7F4FCE1C20663F9200395224 /* GridTypeCollectionViewCell.swift */ = {isa = PBXFileReference; fileEncoding = 4; lastKnownFileType = sourcecode.swift; path = GridTypeCollectionViewCell.swift; sourceTree = "<group>"; };
		7F4FCE1D20663F9200395224 /* ListTypeCollectionViewCell.swift */ = {isa = PBXFileReference; fileEncoding = 4; lastKnownFileType = sourcecode.swift; path = ListTypeCollectionViewCell.swift; sourceTree = "<group>"; };
		7F4FCE1E20663F9300395224 /* HomeView.swift */ = {isa = PBXFileReference; fileEncoding = 4; lastKnownFileType = sourcecode.swift; path = HomeView.swift; sourceTree = "<group>"; };
		7F4FCE232066402500395224 /* DatabaseHandler.swift */ = {isa = PBXFileReference; fileEncoding = 4; lastKnownFileType = sourcecode.swift; path = DatabaseHandler.swift; sourceTree = "<group>"; };
		7F4FCE242066402500395224 /* ServiceHandler.swift */ = {isa = PBXFileReference; fileEncoding = 4; lastKnownFileType = sourcecode.swift; path = ServiceHandler.swift; sourceTree = "<group>"; };
		7F4FCE292066410900395224 /* DetailViewController.swift */ = {isa = PBXFileReference; fileEncoding = 4; lastKnownFileType = sourcecode.swift; path = DetailViewController.swift; sourceTree = "<group>"; };
		7F4FCE2B2066412500395224 /* DetailsTableViewCell.swift */ = {isa = PBXFileReference; fileEncoding = 4; lastKnownFileType = sourcecode.swift; path = DetailsTableViewCell.swift; sourceTree = "<group>"; };
		7F4FCE2C2066412500395224 /* DetailView.swift */ = {isa = PBXFileReference; fileEncoding = 4; lastKnownFileType = sourcecode.swift; path = DetailView.swift; sourceTree = "<group>"; };
		7F6A937F2065F3150039B898 /* SampleCIAndCD.app */ = {isa = PBXFileReference; explicitFileType = wrapper.application; includeInIndex = 0; path = SampleCIAndCD.app; sourceTree = BUILT_PRODUCTS_DIR; };
		7F6A93822065F3150039B898 /* AppDelegate.swift */ = {isa = PBXFileReference; lastKnownFileType = sourcecode.swift; path = AppDelegate.swift; sourceTree = "<group>"; };
		7F6A93842065F3150039B898 /* ViewController.swift */ = {isa = PBXFileReference; lastKnownFileType = sourcecode.swift; path = ViewController.swift; sourceTree = "<group>"; };
		7F6A93872065F3150039B898 /* Base */ = {isa = PBXFileReference; lastKnownFileType = file.storyboard; name = Base; path = Base.lproj/Main.storyboard; sourceTree = "<group>"; };
		7F6A938A2065F3150039B898 /* SampleCIAndCD.xcdatamodel */ = {isa = PBXFileReference; lastKnownFileType = wrapper.xcdatamodel; path = SampleCIAndCD.xcdatamodel; sourceTree = "<group>"; };
		7F6A938C2065F3150039B898 /* Assets.xcassets */ = {isa = PBXFileReference; lastKnownFileType = folder.assetcatalog; path = Assets.xcassets; sourceTree = "<group>"; };
		7F6A938F2065F3150039B898 /* Base */ = {isa = PBXFileReference; lastKnownFileType = file.storyboard; name = Base; path = Base.lproj/LaunchScreen.storyboard; sourceTree = "<group>"; };
		7F6A93912065F3150039B898 /* Info.plist */ = {isa = PBXFileReference; lastKnownFileType = text.plist.xml; path = Info.plist; sourceTree = "<group>"; };
		7F6A93962065F3150039B898 /* SampleCIAndCDTests.xctest */ = {isa = PBXFileReference; explicitFileType = wrapper.cfbundle; includeInIndex = 0; path = SampleCIAndCDTests.xctest; sourceTree = BUILT_PRODUCTS_DIR; };
		7F6A939A2065F3150039B898 /* SampleCIAndCDTests.swift */ = {isa = PBXFileReference; lastKnownFileType = sourcecode.swift; path = SampleCIAndCDTests.swift; sourceTree = "<group>"; };
		7F6A939C2065F3150039B898 /* Info.plist */ = {isa = PBXFileReference; lastKnownFileType = text.plist.xml; path = Info.plist; sourceTree = "<group>"; };
		7F6A93A12065F3150039B898 /* SampleCIAndCDUITests.xctest */ = {isa = PBXFileReference; explicitFileType = wrapper.cfbundle; includeInIndex = 0; path = SampleCIAndCDUITests.xctest; sourceTree = BUILT_PRODUCTS_DIR; };
		7F6A93A52065F3150039B898 /* SampleCIAndCDUITests.swift */ = {isa = PBXFileReference; lastKnownFileType = sourcecode.swift; path = SampleCIAndCDUITests.swift; sourceTree = "<group>"; };
		7F6A93A72065F3150039B898 /* Info.plist */ = {isa = PBXFileReference; lastKnownFileType = text.plist.xml; path = Info.plist; sourceTree = "<group>"; };
		864698358701C25F18BD1E25 /* Pods-SampleCIAndCD.debug.xcconfig */ = {isa = PBXFileReference; includeInIndex = 1; lastKnownFileType = text.xcconfig; name = "Pods-SampleCIAndCD.debug.xcconfig"; path = "Pods/Target Support Files/Pods-SampleCIAndCD/Pods-SampleCIAndCD.debug.xcconfig"; sourceTree = "<group>"; };
		BF996E242C84252FE29490B5 /* Pods-SampleCIAndCDUITests.debug.xcconfig */ = {isa = PBXFileReference; includeInIndex = 1; lastKnownFileType = text.xcconfig; name = "Pods-SampleCIAndCDUITests.debug.xcconfig"; path = "Pods/Target Support Files/Pods-SampleCIAndCDUITests/Pods-SampleCIAndCDUITests.debug.xcconfig"; sourceTree = "<group>"; };
		D6CD1A768917C83400229465 /* Pods-SampleCIAndCDUITests.release.xcconfig */ = {isa = PBXFileReference; includeInIndex = 1; lastKnownFileType = text.xcconfig; name = "Pods-SampleCIAndCDUITests.release.xcconfig"; path = "Pods/Target Support Files/Pods-SampleCIAndCDUITests/Pods-SampleCIAndCDUITests.release.xcconfig"; sourceTree = "<group>"; };
		F04D7220FFC2D4A09F8E8121 /* Pods-SampleCIAndCD.release.xcconfig */ = {isa = PBXFileReference; includeInIndex = 1; lastKnownFileType = text.xcconfig; name = "Pods-SampleCIAndCD.release.xcconfig"; path = "Pods/Target Support Files/Pods-SampleCIAndCD/Pods-SampleCIAndCD.release.xcconfig"; sourceTree = "<group>"; };
/* End PBXFileReference section */

/* Begin PBXFrameworksBuildPhase section */
		7F6A937C2065F3150039B898 /* Frameworks */ = {
			isa = PBXFrameworksBuildPhase;
			buildActionMask = 2147483647;
			files = (
				DE00D25E561BC1B6FA23F70A /* Pods_SampleCIAndCD.framework in Frameworks */,
			);
			runOnlyForDeploymentPostprocessing = 0;
		};
		7F6A93932065F3150039B898 /* Frameworks */ = {
			isa = PBXFrameworksBuildPhase;
			buildActionMask = 2147483647;
			files = (
				7E640FA2FE36C1042AD27707 /* Pods_SampleCIAndCDTests.framework in Frameworks */,
			);
			runOnlyForDeploymentPostprocessing = 0;
		};
		7F6A939E2065F3150039B898 /* Frameworks */ = {
			isa = PBXFrameworksBuildPhase;
			buildActionMask = 2147483647;
			files = (
				9BF658A1F421E73188F4E7E5 /* Pods_SampleCIAndCDUITests.framework in Frameworks */,
			);
			runOnlyForDeploymentPostprocessing = 0;
		};
/* End PBXFrameworksBuildPhase section */

/* Begin PBXGroup section */
		2874F5743FF250D5BFC24217 /* Frameworks */ = {
			isa = PBXGroup;
			children = (
				69F49194C625C076CB15B932 /* Pods_SampleCIAndCD.framework */,
				6D36786E63D0532CABFC4D24 /* Pods_SampleCIAndCDTests.framework */,
				51F0E5AA3FB60B5686A267E7 /* Pods_SampleCIAndCDUITests.framework */,
			);
			name = Frameworks;
			sourceTree = "<group>";
		};
		7F4FCE02206634B300395224 /* Home */ = {
			isa = PBXGroup;
			children = (
				7F4FCE1720663F5C00395224 /* Model */,
				7F4FCE1820663F6500395224 /* View */,
				7F4FCE1020663EBB00395224 /* HomeViewController.swift */,
			);
			path = Home;
			sourceTree = "<group>";
		};
		7F4FCE062066356500395224 /* Images */ = {
			isa = PBXGroup;
			children = (
				7F4FCE072066357700395224 /* Home.xcassets */,
			);
			path = Images;
			sourceTree = "<group>";
		};
		7F4FCE09206635F600395224 /* Utilities */ = {
			isa = PBXGroup;
			children = (
				7F4FCE0A2066363000395224 /* Annotation.swift */,
			);
			path = Utilities;
			sourceTree = "<group>";
		};
		7F4FCE0C2066364500395224 /* Loader */ = {
			isa = PBXGroup;
			children = (
				7F4FCE0D2066367D00395224 /* LoaderViewController.swift */,
			);
			path = Loader;
			sourceTree = "<group>";
		};
		7F4FCE0F20663E4D00395224 /* Service */ = {
			isa = PBXGroup;
			children = (
				7F4FCE232066402500395224 /* DatabaseHandler.swift */,
				7F4FCE242066402500395224 /* ServiceHandler.swift */,
			);
			path = Service;
			sourceTree = "<group>";
		};
		7F4FCE1720663F5C00395224 /* Model */ = {
			isa = PBXGroup;
			children = (
				7F4FCE1920663F8800395224 /* HomeModel.swift */,
			);
			path = Model;
			sourceTree = "<group>";
		};
		7F4FCE1820663F6500395224 /* View */ = {
			isa = PBXGroup;
			children = (
				7F4FCE1C20663F9200395224 /* GridTypeCollectionViewCell.swift */,
				7F4FCE1E20663F9300395224 /* HomeView.swift */,
				7F4FCE1D20663F9200395224 /* ListTypeCollectionViewCell.swift */,
				7F4FCE1B20663F9200395224 /* userBriefView.swift */,
			);
			path = View;
			sourceTree = "<group>";
		};
		7F4FCE27206640CF00395224 /* Detail */ = {
			isa = PBXGroup;
			children = (
				7F4FCE292066410900395224 /* DetailViewController.swift */,
				7F4FCE28206640F900395224 /* View */,
			);
			path = Detail;
			sourceTree = "<group>";
		};
		7F4FCE28206640F900395224 /* View */ = {
			isa = PBXGroup;
			children = (
				7F4FCE2B2066412500395224 /* DetailsTableViewCell.swift */,
				7F4FCE2C2066412500395224 /* DetailView.swift */,
			);
			path = View;
			sourceTree = "<group>";
		};
		7F6A93762065F3150039B898 = {
			isa = PBXGroup;
			children = (
				7F6A93812065F3150039B898 /* SampleCIAndCD */,
				7F6A93992065F3150039B898 /* SampleCIAndCDTests */,
				7F6A93A42065F3150039B898 /* SampleCIAndCDUITests */,
				7F6A93802065F3150039B898 /* Products */,
				836BEB5559EC2C9A6112C524 /* Pods */,
				2874F5743FF250D5BFC24217 /* Frameworks */,
			);
			sourceTree = "<group>";
		};
		7F6A93802065F3150039B898 /* Products */ = {
			isa = PBXGroup;
			children = (
				7F6A937F2065F3150039B898 /* SampleCIAndCD.app */,
				7F6A93962065F3150039B898 /* SampleCIAndCDTests.xctest */,
				7F6A93A12065F3150039B898 /* SampleCIAndCDUITests.xctest */,
			);
			name = Products;
			sourceTree = "<group>";
		};
		7F6A93812065F3150039B898 /* SampleCIAndCD */ = {
			isa = PBXGroup;
			children = (
				7F4FCE02206634B300395224 /* Home */,
				7F4FCE27206640CF00395224 /* Detail */,
				7F4FCE0C2066364500395224 /* Loader */,
				7F4FCE0F20663E4D00395224 /* Service */,
				7F4FCE09206635F600395224 /* Utilities */,
				7F4FCE062066356500395224 /* Images */,
				7F6A93822065F3150039B898 /* AppDelegate.swift */,
				7F6A93842065F3150039B898 /* ViewController.swift */,
				7F6A93862065F3150039B898 /* Main.storyboard */,
				7F6A938C2065F3150039B898 /* Assets.xcassets */,
				7F6A938E2065F3150039B898 /* LaunchScreen.storyboard */,
				7F6A93912065F3150039B898 /* Info.plist */,
				7F6A93892065F3150039B898 /* SampleCIAndCD.xcdatamodeld */,
			);
			path = SampleCIAndCD;
			sourceTree = "<group>";
		};
		7F6A93992065F3150039B898 /* SampleCIAndCDTests */ = {
			isa = PBXGroup;
			children = (
				7F6A939A2065F3150039B898 /* SampleCIAndCDTests.swift */,
				7F6A939C2065F3150039B898 /* Info.plist */,
			);
			path = SampleCIAndCDTests;
			sourceTree = "<group>";
		};
		7F6A93A42065F3150039B898 /* SampleCIAndCDUITests */ = {
			isa = PBXGroup;
			children = (
				7F6A93A52065F3150039B898 /* SampleCIAndCDUITests.swift */,
				7F6A93A72065F3150039B898 /* Info.plist */,
			);
			path = SampleCIAndCDUITests;
			sourceTree = "<group>";
		};
		836BEB5559EC2C9A6112C524 /* Pods */ = {
			isa = PBXGroup;
			children = (
				864698358701C25F18BD1E25 /* Pods-SampleCIAndCD.debug.xcconfig */,
				F04D7220FFC2D4A09F8E8121 /* Pods-SampleCIAndCD.release.xcconfig */,
				346301E984D4A4E5CA7D74D3 /* Pods-SampleCIAndCDTests.debug.xcconfig */,
				27CD2B9F7A19F885DE66C991 /* Pods-SampleCIAndCDTests.release.xcconfig */,
				BF996E242C84252FE29490B5 /* Pods-SampleCIAndCDUITests.debug.xcconfig */,
				D6CD1A768917C83400229465 /* Pods-SampleCIAndCDUITests.release.xcconfig */,
			);
			name = Pods;
			sourceTree = "<group>";
		};
/* End PBXGroup section */

/* Begin PBXNativeTarget section */
		7F6A937E2065F3150039B898 /* SampleCIAndCD */ = {
			isa = PBXNativeTarget;
			buildConfigurationList = 7F6A93AA2065F3150039B898 /* Build configuration list for PBXNativeTarget "SampleCIAndCD" */;
			buildPhases = (
				E474D50A7F64BF3452515648 /* [CP] Check Pods Manifest.lock */,
				7F6A937B2065F3150039B898 /* Sources */,
				7F6A937C2065F3150039B898 /* Frameworks */,
				7F6A937D2065F3150039B898 /* Resources */,
				F1E0A7673B4D0748B6F83B25 /* [CP] Embed Pods Frameworks */,
				79C76E75B5BF57749E82A601 /* [CP] Copy Pods Resources */,
			);
			buildRules = (
			);
			dependencies = (
			);
			name = SampleCIAndCD;
			productName = SampleCIAndCD;
			productReference = 7F6A937F2065F3150039B898 /* SampleCIAndCD.app */;
			productType = "com.apple.product-type.application";
		};
		7F6A93952065F3150039B898 /* SampleCIAndCDTests */ = {
			isa = PBXNativeTarget;
			buildConfigurationList = 7F6A93AD2065F3150039B898 /* Build configuration list for PBXNativeTarget "SampleCIAndCDTests" */;
			buildPhases = (
				631B34E7B98284BBC662677E /* [CP] Check Pods Manifest.lock */,
				7F6A93922065F3150039B898 /* Sources */,
				7F6A93932065F3150039B898 /* Frameworks */,
				7F6A93942065F3150039B898 /* Resources */,
				8FB17084896C939C27B5B7DF /* [CP] Embed Pods Frameworks */,
				C8D985D052FCFEE4F1A287B2 /* [CP] Copy Pods Resources */,
			);
			buildRules = (
			);
			dependencies = (
				7F6A93982065F3150039B898 /* PBXTargetDependency */,
			);
			name = SampleCIAndCDTests;
			productName = SampleCIAndCDTests;
			productReference = 7F6A93962065F3150039B898 /* SampleCIAndCDTests.xctest */;
			productType = "com.apple.product-type.bundle.unit-test";
		};
		7F6A93A02065F3150039B898 /* SampleCIAndCDUITests */ = {
			isa = PBXNativeTarget;
			buildConfigurationList = 7F6A93B02065F3150039B898 /* Build configuration list for PBXNativeTarget "SampleCIAndCDUITests" */;
			buildPhases = (
				B5C80122C721EC9BD4052CB8 /* [CP] Check Pods Manifest.lock */,
				7F6A939D2065F3150039B898 /* Sources */,
				7F6A939E2065F3150039B898 /* Frameworks */,
				7F6A939F2065F3150039B898 /* Resources */,
				D1C3664A75A59BB6EF5B45BB /* [CP] Embed Pods Frameworks */,
				C47F4736E3754F54ED113E1E /* [CP] Copy Pods Resources */,
			);
			buildRules = (
			);
			dependencies = (
				7F6A93A32065F3150039B898 /* PBXTargetDependency */,
			);
			name = SampleCIAndCDUITests;
			productName = SampleCIAndCDUITests;
			productReference = 7F6A93A12065F3150039B898 /* SampleCIAndCDUITests.xctest */;
			productType = "com.apple.product-type.bundle.ui-testing";
		};
/* End PBXNativeTarget section */

/* Begin PBXProject section */
		7F6A93772065F3150039B898 /* Project object */ = {
			isa = PBXProject;
			attributes = {
				LastSwiftUpdateCheck = 0920;
				LastUpgradeCheck = 0920;
				ORGANIZATIONNAME = "Santhosh Nampally";
				TargetAttributes = {
					7F6A937E2065F3150039B898 = {
						CreatedOnToolsVersion = 9.2;
						ProvisioningStyle = Manual;
					};
					7F6A93952065F3150039B898 = {
						CreatedOnToolsVersion = 9.2;
						ProvisioningStyle = Automatic;
						TestTargetID = 7F6A937E2065F3150039B898;
					};
					7F6A93A02065F3150039B898 = {
						CreatedOnToolsVersion = 9.2;
						ProvisioningStyle = Automatic;
						TestTargetID = 7F6A937E2065F3150039B898;
					};
				};
			};
			buildConfigurationList = 7F6A937A2065F3150039B898 /* Build configuration list for PBXProject "SampleCIAndCD" */;
			compatibilityVersion = "Xcode 8.0";
			developmentRegion = en;
			hasScannedForEncodings = 0;
			knownRegions = (
				en,
				Base,
			);
			mainGroup = 7F6A93762065F3150039B898;
			productRefGroup = 7F6A93802065F3150039B898 /* Products */;
			projectDirPath = "";
			projectRoot = "";
			targets = (
				7F6A937E2065F3150039B898 /* SampleCIAndCD */,
				7F6A93952065F3150039B898 /* SampleCIAndCDTests */,
				7F6A93A02065F3150039B898 /* SampleCIAndCDUITests */,
			);
		};
/* End PBXProject section */

/* Begin PBXResourcesBuildPhase section */
		7F6A937D2065F3150039B898 /* Resources */ = {
			isa = PBXResourcesBuildPhase;
			buildActionMask = 2147483647;
			files = (
				7F6A93902065F3150039B898 /* LaunchScreen.storyboard in Resources */,
				7F6A938D2065F3150039B898 /* Assets.xcassets in Resources */,
				7F4FCE082066357800395224 /* Home.xcassets in Resources */,
				7F6A93882065F3150039B898 /* Main.storyboard in Resources */,
			);
			runOnlyForDeploymentPostprocessing = 0;
		};
		7F6A93942065F3150039B898 /* Resources */ = {
			isa = PBXResourcesBuildPhase;
			buildActionMask = 2147483647;
			files = (
			);
			runOnlyForDeploymentPostprocessing = 0;
		};
		7F6A939F2065F3150039B898 /* Resources */ = {
			isa = PBXResourcesBuildPhase;
			buildActionMask = 2147483647;
			files = (
			);
			runOnlyForDeploymentPostprocessing = 0;
		};
/* End PBXResourcesBuildPhase section */

/* Begin PBXShellScriptBuildPhase section */
		631B34E7B98284BBC662677E /* [CP] Check Pods Manifest.lock */ = {
			isa = PBXShellScriptBuildPhase;
			buildActionMask = 2147483647;
			files = (
			);
			inputPaths = (
				"${PODS_PODFILE_DIR_PATH}/Podfile.lock",
				"${PODS_ROOT}/Manifest.lock",
			);
			name = "[CP] Check Pods Manifest.lock";
			outputPaths = (
				"$(DERIVED_FILE_DIR)/Pods-SampleCIAndCDTests-checkManifestLockResult.txt",
			);
			runOnlyForDeploymentPostprocessing = 0;
			shellPath = /bin/sh;
			shellScript = "diff \"${PODS_PODFILE_DIR_PATH}/Podfile.lock\" \"${PODS_ROOT}/Manifest.lock\" > /dev/null\nif [ $? != 0 ] ; then\n    # print error to STDERR\n    echo \"error: The sandbox is not in sync with the Podfile.lock. Run 'pod install' or update your CocoaPods installation.\" >&2\n    exit 1\nfi\n# This output is used by Xcode 'outputs' to avoid re-running this script phase.\necho \"SUCCESS\" > \"${SCRIPT_OUTPUT_FILE_0}\"\n";
			showEnvVarsInLog = 0;
		};
		79C76E75B5BF57749E82A601 /* [CP] Copy Pods Resources */ = {
			isa = PBXShellScriptBuildPhase;
			buildActionMask = 2147483647;
			files = (
			);
			inputPaths = (
			);
			name = "[CP] Copy Pods Resources";
			outputPaths = (
			);
			runOnlyForDeploymentPostprocessing = 0;
			shellPath = /bin/sh;
			shellScript = "\"${SRCROOT}/Pods/Target Support Files/Pods-SampleCIAndCD/Pods-SampleCIAndCD-resources.sh\"\n";
			showEnvVarsInLog = 0;
		};
		8FB17084896C939C27B5B7DF /* [CP] Embed Pods Frameworks */ = {
			isa = PBXShellScriptBuildPhase;
			buildActionMask = 2147483647;
			files = (
			);
			inputPaths = (
			);
			name = "[CP] Embed Pods Frameworks";
			outputPaths = (
			);
			runOnlyForDeploymentPostprocessing = 0;
			shellPath = /bin/sh;
			shellScript = "\"${SRCROOT}/Pods/Target Support Files/Pods-SampleCIAndCDTests/Pods-SampleCIAndCDTests-frameworks.sh\"\n";
			showEnvVarsInLog = 0;
		};
		B5C80122C721EC9BD4052CB8 /* [CP] Check Pods Manifest.lock */ = {
			isa = PBXShellScriptBuildPhase;
			buildActionMask = 2147483647;
			files = (
			);
			inputPaths = (
				"${PODS_PODFILE_DIR_PATH}/Podfile.lock",
				"${PODS_ROOT}/Manifest.lock",
			);
			name = "[CP] Check Pods Manifest.lock";
			outputPaths = (
				"$(DERIVED_FILE_DIR)/Pods-SampleCIAndCDUITests-checkManifestLockResult.txt",
			);
			runOnlyForDeploymentPostprocessing = 0;
			shellPath = /bin/sh;
			shellScript = "diff \"${PODS_PODFILE_DIR_PATH}/Podfile.lock\" \"${PODS_ROOT}/Manifest.lock\" > /dev/null\nif [ $? != 0 ] ; then\n    # print error to STDERR\n    echo \"error: The sandbox is not in sync with the Podfile.lock. Run 'pod install' or update your CocoaPods installation.\" >&2\n    exit 1\nfi\n# This output is used by Xcode 'outputs' to avoid re-running this script phase.\necho \"SUCCESS\" > \"${SCRIPT_OUTPUT_FILE_0}\"\n";
			showEnvVarsInLog = 0;
		};
		C47F4736E3754F54ED113E1E /* [CP] Copy Pods Resources */ = {
			isa = PBXShellScriptBuildPhase;
			buildActionMask = 2147483647;
			files = (
			);
			inputPaths = (
			);
			name = "[CP] Copy Pods Resources";
			outputPaths = (
			);
			runOnlyForDeploymentPostprocessing = 0;
			shellPath = /bin/sh;
			shellScript = "\"${SRCROOT}/Pods/Target Support Files/Pods-SampleCIAndCDUITests/Pods-SampleCIAndCDUITests-resources.sh\"\n";
			showEnvVarsInLog = 0;
		};
		C8D985D052FCFEE4F1A287B2 /* [CP] Copy Pods Resources */ = {
			isa = PBXShellScriptBuildPhase;
			buildActionMask = 2147483647;
			files = (
			);
			inputPaths = (
			);
			name = "[CP] Copy Pods Resources";
			outputPaths = (
			);
			runOnlyForDeploymentPostprocessing = 0;
			shellPath = /bin/sh;
			shellScript = "\"${SRCROOT}/Pods/Target Support Files/Pods-SampleCIAndCDTests/Pods-SampleCIAndCDTests-resources.sh\"\n";
			showEnvVarsInLog = 0;
		};
		D1C3664A75A59BB6EF5B45BB /* [CP] Embed Pods Frameworks */ = {
			isa = PBXShellScriptBuildPhase;
			buildActionMask = 2147483647;
			files = (
			);
			inputPaths = (
			);
			name = "[CP] Embed Pods Frameworks";
			outputPaths = (
			);
			runOnlyForDeploymentPostprocessing = 0;
			shellPath = /bin/sh;
			shellScript = "\"${SRCROOT}/Pods/Target Support Files/Pods-SampleCIAndCDUITests/Pods-SampleCIAndCDUITests-frameworks.sh\"\n";
			showEnvVarsInLog = 0;
		};
		E474D50A7F64BF3452515648 /* [CP] Check Pods Manifest.lock */ = {
			isa = PBXShellScriptBuildPhase;
			buildActionMask = 2147483647;
			files = (
			);
			inputPaths = (
				"${PODS_PODFILE_DIR_PATH}/Podfile.lock",
				"${PODS_ROOT}/Manifest.lock",
			);
			name = "[CP] Check Pods Manifest.lock";
			outputPaths = (
				"$(DERIVED_FILE_DIR)/Pods-SampleCIAndCD-checkManifestLockResult.txt",
			);
			runOnlyForDeploymentPostprocessing = 0;
			shellPath = /bin/sh;
			shellScript = "diff \"${PODS_PODFILE_DIR_PATH}/Podfile.lock\" \"${PODS_ROOT}/Manifest.lock\" > /dev/null\nif [ $? != 0 ] ; then\n    # print error to STDERR\n    echo \"error: The sandbox is not in sync with the Podfile.lock. Run 'pod install' or update your CocoaPods installation.\" >&2\n    exit 1\nfi\n# This output is used by Xcode 'outputs' to avoid re-running this script phase.\necho \"SUCCESS\" > \"${SCRIPT_OUTPUT_FILE_0}\"\n";
			showEnvVarsInLog = 0;
		};
		F1E0A7673B4D0748B6F83B25 /* [CP] Embed Pods Frameworks */ = {
			isa = PBXShellScriptBuildPhase;
			buildActionMask = 2147483647;
			files = (
			);
			inputPaths = (
				"${SRCROOT}/Pods/Target Support Files/Pods-SampleCIAndCD/Pods-SampleCIAndCD-frameworks.sh",
				"${BUILT_PRODUCTS_DIR}/SDWebImage/SDWebImage.framework",
			);
			name = "[CP] Embed Pods Frameworks";
			outputPaths = (
				"${TARGET_BUILD_DIR}/${FRAMEWORKS_FOLDER_PATH}/SDWebImage.framework",
			);
			runOnlyForDeploymentPostprocessing = 0;
			shellPath = /bin/sh;
			shellScript = "\"${SRCROOT}/Pods/Target Support Files/Pods-SampleCIAndCD/Pods-SampleCIAndCD-frameworks.sh\"\n";
			showEnvVarsInLog = 0;
		};
/* End PBXShellScriptBuildPhase section */

/* Begin PBXSourcesBuildPhase section */
		7F6A937B2065F3150039B898 /* Sources */ = {
			isa = PBXSourcesBuildPhase;
			buildActionMask = 2147483647;
			files = (
				7F4FCE1F20663F9300395224 /* userBriefView.swift in Sources */,
				7F4FCE0E2066367D00395224 /* LoaderViewController.swift in Sources */,
				7F6A93852065F3150039B898 /* ViewController.swift in Sources */,
				7F4FCE252066402500395224 /* DatabaseHandler.swift in Sources */,
				7F4FCE2020663F9300395224 /* GridTypeCollectionViewCell.swift in Sources */,
				7F6A93832065F3150039B898 /* AppDelegate.swift in Sources */,
				7F4FCE2D2066412500395224 /* DetailsTableViewCell.swift in Sources */,
				7F4FCE2220663F9300395224 /* HomeView.swift in Sources */,
				7F4FCE1A20663F8900395224 /* HomeModel.swift in Sources */,
				7F4FCE2E2066412500395224 /* DetailView.swift in Sources */,
				7F4FCE0B2066363000395224 /* Annotation.swift in Sources */,
				7F4FCE262066402500395224 /* ServiceHandler.swift in Sources */,
				7F6A938B2065F3150039B898 /* SampleCIAndCD.xcdatamodeld in Sources */,
				7F4FCE2120663F9300395224 /* ListTypeCollectionViewCell.swift in Sources */,
				7F4FCE1120663EBB00395224 /* HomeViewController.swift in Sources */,
				7F4FCE2A2066410A00395224 /* DetailViewController.swift in Sources */,
			);
			runOnlyForDeploymentPostprocessing = 0;
		};
		7F6A93922065F3150039B898 /* Sources */ = {
			isa = PBXSourcesBuildPhase;
			buildActionMask = 2147483647;
			files = (
				7F6A939B2065F3150039B898 /* SampleCIAndCDTests.swift in Sources */,
			);
			runOnlyForDeploymentPostprocessing = 0;
		};
		7F6A939D2065F3150039B898 /* Sources */ = {
			isa = PBXSourcesBuildPhase;
			buildActionMask = 2147483647;
			files = (
				7F6A93A62065F3150039B898 /* SampleCIAndCDUITests.swift in Sources */,
			);
			runOnlyForDeploymentPostprocessing = 0;
		};
/* End PBXSourcesBuildPhase section */

/* Begin PBXTargetDependency section */
		7F6A93982065F3150039B898 /* PBXTargetDependency */ = {
			isa = PBXTargetDependency;
			target = 7F6A937E2065F3150039B898 /* SampleCIAndCD */;
			targetProxy = 7F6A93972065F3150039B898 /* PBXContainerItemProxy */;
		};
		7F6A93A32065F3150039B898 /* PBXTargetDependency */ = {
			isa = PBXTargetDependency;
			target = 7F6A937E2065F3150039B898 /* SampleCIAndCD */;
			targetProxy = 7F6A93A22065F3150039B898 /* PBXContainerItemProxy */;
		};
/* End PBXTargetDependency section */

/* Begin PBXVariantGroup section */
		7F6A93862065F3150039B898 /* Main.storyboard */ = {
			isa = PBXVariantGroup;
			children = (
				7F6A93872065F3150039B898 /* Base */,
			);
			name = Main.storyboard;
			sourceTree = "<group>";
		};
		7F6A938E2065F3150039B898 /* LaunchScreen.storyboard */ = {
			isa = PBXVariantGroup;
			children = (
				7F6A938F2065F3150039B898 /* Base */,
			);
			name = LaunchScreen.storyboard;
			sourceTree = "<group>";
		};
/* End PBXVariantGroup section */

/* Begin XCBuildConfiguration section */
		7F6A93A82065F3150039B898 /* Debug */ = {
			isa = XCBuildConfiguration;
			buildSettings = {
				ALWAYS_SEARCH_USER_PATHS = NO;
				CLANG_ANALYZER_NONNULL = YES;
				CLANG_ANALYZER_NUMBER_OBJECT_CONVERSION = YES_AGGRESSIVE;
				CLANG_CXX_LANGUAGE_STANDARD = "gnu++14";
				CLANG_CXX_LIBRARY = "libc++";
				CLANG_ENABLE_MODULES = YES;
				CLANG_ENABLE_OBJC_ARC = YES;
				CLANG_WARN_BLOCK_CAPTURE_AUTORELEASING = YES;
				CLANG_WARN_BOOL_CONVERSION = YES;
				CLANG_WARN_COMMA = YES;
				CLANG_WARN_CONSTANT_CONVERSION = YES;
				CLANG_WARN_DIRECT_OBJC_ISA_USAGE = YES_ERROR;
				CLANG_WARN_DOCUMENTATION_COMMENTS = YES;
				CLANG_WARN_EMPTY_BODY = YES;
				CLANG_WARN_ENUM_CONVERSION = YES;
				CLANG_WARN_INFINITE_RECURSION = YES;
				CLANG_WARN_INT_CONVERSION = YES;
				CLANG_WARN_NON_LITERAL_NULL_CONVERSION = YES;
				CLANG_WARN_OBJC_LITERAL_CONVERSION = YES;
				CLANG_WARN_OBJC_ROOT_CLASS = YES_ERROR;
				CLANG_WARN_RANGE_LOOP_ANALYSIS = YES;
				CLANG_WARN_STRICT_PROTOTYPES = YES;
				CLANG_WARN_SUSPICIOUS_MOVE = YES;
				CLANG_WARN_UNGUARDED_AVAILABILITY = YES_AGGRESSIVE;
				CLANG_WARN_UNREACHABLE_CODE = YES;
				CLANG_WARN__DUPLICATE_METHOD_MATCH = YES;
				CODE_SIGN_IDENTITY = "iPhone Developer";
				COPY_PHASE_STRIP = NO;
				DEBUG_INFORMATION_FORMAT = dwarf;
				ENABLE_STRICT_OBJC_MSGSEND = YES;
				ENABLE_TESTABILITY = YES;
				GCC_C_LANGUAGE_STANDARD = gnu11;
				GCC_DYNAMIC_NO_PIC = NO;
				GCC_NO_COMMON_BLOCKS = YES;
				GCC_OPTIMIZATION_LEVEL = 0;
				GCC_PREPROCESSOR_DEFINITIONS = (
					"DEBUG=1",
					"$(inherited)",
				);
				GCC_WARN_64_TO_32_BIT_CONVERSION = YES;
				GCC_WARN_ABOUT_RETURN_TYPE = YES_ERROR;
				GCC_WARN_UNDECLARED_SELECTOR = YES;
				GCC_WARN_UNINITIALIZED_AUTOS = YES_AGGRESSIVE;
				GCC_WARN_UNUSED_FUNCTION = YES;
				GCC_WARN_UNUSED_VARIABLE = YES;
				IPHONEOS_DEPLOYMENT_TARGET = 11.2;
				MTL_ENABLE_DEBUG_INFO = YES;
				ONLY_ACTIVE_ARCH = YES;
				SDKROOT = iphoneos;
				SWIFT_ACTIVE_COMPILATION_CONDITIONS = DEBUG;
				SWIFT_OPTIMIZATION_LEVEL = "-Onone";
			};
			name = Debug;
		};
		7F6A93A92065F3150039B898 /* Release */ = {
			isa = XCBuildConfiguration;
			buildSettings = {
				ALWAYS_SEARCH_USER_PATHS = NO;
				CLANG_ANALYZER_NONNULL = YES;
				CLANG_ANALYZER_NUMBER_OBJECT_CONVERSION = YES_AGGRESSIVE;
				CLANG_CXX_LANGUAGE_STANDARD = "gnu++14";
				CLANG_CXX_LIBRARY = "libc++";
				CLANG_ENABLE_MODULES = YES;
				CLANG_ENABLE_OBJC_ARC = YES;
				CLANG_WARN_BLOCK_CAPTURE_AUTORELEASING = YES;
				CLANG_WARN_BOOL_CONVERSION = YES;
				CLANG_WARN_COMMA = YES;
				CLANG_WARN_CONSTANT_CONVERSION = YES;
				CLANG_WARN_DIRECT_OBJC_ISA_USAGE = YES_ERROR;
				CLANG_WARN_DOCUMENTATION_COMMENTS = YES;
				CLANG_WARN_EMPTY_BODY = YES;
				CLANG_WARN_ENUM_CONVERSION = YES;
				CLANG_WARN_INFINITE_RECURSION = YES;
				CLANG_WARN_INT_CONVERSION = YES;
				CLANG_WARN_NON_LITERAL_NULL_CONVERSION = YES;
				CLANG_WARN_OBJC_LITERAL_CONVERSION = YES;
				CLANG_WARN_OBJC_ROOT_CLASS = YES_ERROR;
				CLANG_WARN_RANGE_LOOP_ANALYSIS = YES;
				CLANG_WARN_STRICT_PROTOTYPES = YES;
				CLANG_WARN_SUSPICIOUS_MOVE = YES;
				CLANG_WARN_UNGUARDED_AVAILABILITY = YES_AGGRESSIVE;
				CLANG_WARN_UNREACHABLE_CODE = YES;
				CLANG_WARN__DUPLICATE_METHOD_MATCH = YES;
				CODE_SIGN_IDENTITY = "iPhone Developer";
				COPY_PHASE_STRIP = NO;
				DEBUG_INFORMATION_FORMAT = "dwarf-with-dsym";
				ENABLE_NS_ASSERTIONS = NO;
				ENABLE_STRICT_OBJC_MSGSEND = YES;
				GCC_C_LANGUAGE_STANDARD = gnu11;
				GCC_NO_COMMON_BLOCKS = YES;
				GCC_WARN_64_TO_32_BIT_CONVERSION = YES;
				GCC_WARN_ABOUT_RETURN_TYPE = YES_ERROR;
				GCC_WARN_UNDECLARED_SELECTOR = YES;
				GCC_WARN_UNINITIALIZED_AUTOS = YES_AGGRESSIVE;
				GCC_WARN_UNUSED_FUNCTION = YES;
				GCC_WARN_UNUSED_VARIABLE = YES;
				IPHONEOS_DEPLOYMENT_TARGET = 11.2;
				MTL_ENABLE_DEBUG_INFO = NO;
				SDKROOT = iphoneos;
				SWIFT_OPTIMIZATION_LEVEL = "-Owholemodule";
				VALIDATE_PRODUCT = YES;
			};
			name = Release;
		};
		7F6A93AB2065F3150039B898 /* Debug */ = {
			isa = XCBuildConfiguration;
			baseConfigurationReference = 864698358701C25F18BD1E25 /* Pods-SampleCIAndCD.debug.xcconfig */;
			buildSettings = {
				ASSETCATALOG_COMPILER_APPICON_NAME = AppIcon;
				CODE_SIGN_STYLE = Manual;
				DEVELOPMENT_TEAM = "";
				INFOPLIST_FILE = SampleCIAndCD/Info.plist;
				LD_RUNPATH_SEARCH_PATHS = "$(inherited) @executable_path/Frameworks";
				PRODUCT_BUNDLE_IDENTIFIER = com.prokarma.SampleCIAndCD;
				PRODUCT_NAME = "$(TARGET_NAME)";
				PROVISIONING_PROFILE_SPECIFIER = "";
				SWIFT_VERSION = 4.0;
				TARGETED_DEVICE_FAMILY = "1,2";
			};
			name = Debug;
		};
		7F6A93AC2065F3150039B898 /* Release */ = {
			isa = XCBuildConfiguration;
			baseConfigurationReference = F04D7220FFC2D4A09F8E8121 /* Pods-SampleCIAndCD.release.xcconfig */;
			buildSettings = {
				ASSETCATALOG_COMPILER_APPICON_NAME = AppIcon;
				CODE_SIGN_STYLE = Manual;
				DEVELOPMENT_TEAM = "";
				INFOPLIST_FILE = SampleCIAndCD/Info.plist;
				LD_RUNPATH_SEARCH_PATHS = "$(inherited) @executable_path/Frameworks";
				PRODUCT_BUNDLE_IDENTIFIER = com.prokarma.SampleCIAndCD;
				PRODUCT_NAME = "$(TARGET_NAME)";
				PROVISIONING_PROFILE_SPECIFIER = "";
				SWIFT_VERSION = 4.0;
				TARGETED_DEVICE_FAMILY = "1,2";
			};
			name = Release;
		};
		7F6A93AE2065F3150039B898 /* Debug */ = {
			isa = XCBuildConfiguration;
			baseConfigurationReference = 346301E984D4A4E5CA7D74D3 /* Pods-SampleCIAndCDTests.debug.xcconfig */;
			buildSettings = {
				ALWAYS_EMBED_SWIFT_STANDARD_LIBRARIES = YES;
				BUNDLE_LOADER = "$(TEST_HOST)";
				CODE_SIGN_STYLE = Automatic;
				DEVELOPMENT_TEAM = 46TULE533W;
				INFOPLIST_FILE = SampleCIAndCDTests/Info.plist;
				LD_RUNPATH_SEARCH_PATHS = "$(inherited) @executable_path/Frameworks @loader_path/Frameworks";
				PRODUCT_BUNDLE_IDENTIFIER = com.prokarma.SampleCIAndCDTests;
				PRODUCT_NAME = "$(TARGET_NAME)";
				SWIFT_VERSION = 4.0;
				TARGETED_DEVICE_FAMILY = "1,2";
				TEST_HOST = "$(BUILT_PRODUCTS_DIR)/SampleCIAndCD.app/SampleCIAndCD";
			};
			name = Debug;
		};
		7F6A93AF2065F3150039B898 /* Release */ = {
			isa = XCBuildConfiguration;
			baseConfigurationReference = 27CD2B9F7A19F885DE66C991 /* Pods-SampleCIAndCDTests.release.xcconfig */;
			buildSettings = {
				ALWAYS_EMBED_SWIFT_STANDARD_LIBRARIES = YES;
				BUNDLE_LOADER = "$(TEST_HOST)";
				CODE_SIGN_STYLE = Automatic;
				DEVELOPMENT_TEAM = 46TULE533W;
				INFOPLIST_FILE = SampleCIAndCDTests/Info.plist;
				LD_RUNPATH_SEARCH_PATHS = "$(inherited) @executable_path/Frameworks @loader_path/Frameworks";
				PRODUCT_BUNDLE_IDENTIFIER = com.prokarma.SampleCIAndCDTests;
				PRODUCT_NAME = "$(TARGET_NAME)";
				SWIFT_VERSION = 4.0;
				TARGETED_DEVICE_FAMILY = "1,2";
				TEST_HOST = "$(BUILT_PRODUCTS_DIR)/SampleCIAndCD.app/SampleCIAndCD";
			};
			name = Release;
		};
		7F6A93B12065F3150039B898 /* Debug */ = {
			isa = XCBuildConfiguration;
			baseConfigurationReference = BF996E242C84252FE29490B5 /* Pods-SampleCIAndCDUITests.debug.xcconfig */;
			buildSettings = {
				ALWAYS_EMBED_SWIFT_STANDARD_LIBRARIES = YES;
				CODE_SIGN_STYLE = Automatic;
				DEVELOPMENT_TEAM = 46TULE533W;
				INFOPLIST_FILE = SampleCIAndCDUITests/Info.plist;
				LD_RUNPATH_SEARCH_PATHS = "$(inherited) @executable_path/Frameworks @loader_path/Frameworks";
				PRODUCT_BUNDLE_IDENTIFIER = com.prokarma.SampleCIAndCDUITests;
				PRODUCT_NAME = "$(TARGET_NAME)";
				SWIFT_VERSION = 4.0;
				TARGETED_DEVICE_FAMILY = "1,2";
				TEST_TARGET_NAME = SampleCIAndCD;
			};
			name = Debug;
		};
		7F6A93B22065F3150039B898 /* Release */ = {
			isa = XCBuildConfiguration;
			baseConfigurationReference = D6CD1A768917C83400229465 /* Pods-SampleCIAndCDUITests.release.xcconfig */;
			buildSettings = {
				ALWAYS_EMBED_SWIFT_STANDARD_LIBRARIES = YES;
				CODE_SIGN_STYLE = Automatic;
				DEVELOPMENT_TEAM = 46TULE533W;
				INFOPLIST_FILE = SampleCIAndCDUITests/Info.plist;
				LD_RUNPATH_SEARCH_PATHS = "$(inherited) @executable_path/Frameworks @loader_path/Frameworks";
				PRODUCT_BUNDLE_IDENTIFIER = com.prokarma.SampleCIAndCDUITests;
				PRODUCT_NAME = "$(TARGET_NAME)";
				SWIFT_VERSION = 4.0;
				TARGETED_DEVICE_FAMILY = "1,2";
				TEST_TARGET_NAME = SampleCIAndCD;
			};
			name = Release;
		};
/* End XCBuildConfiguration section */

/* Begin XCConfigurationList section */
		7F6A937A2065F3150039B898 /* Build configuration list for PBXProject "SampleCIAndCD" */ = {
			isa = XCConfigurationList;
			buildConfigurations = (
				7F6A93A82065F3150039B898 /* Debug */,
				7F6A93A92065F3150039B898 /* Release */,
			);
			defaultConfigurationIsVisible = 0;
			defaultConfigurationName = Release;
		};
		7F6A93AA2065F3150039B898 /* Build configuration list for PBXNativeTarget "SampleCIAndCD" */ = {
			isa = XCConfigurationList;
			buildConfigurations = (
				7F6A93AB2065F3150039B898 /* Debug */,
				7F6A93AC2065F3150039B898 /* Release */,
			);
			defaultConfigurationIsVisible = 0;
			defaultConfigurationName = Release;
		};
		7F6A93AD2065F3150039B898 /* Build configuration list for PBXNativeTarget "SampleCIAndCDTests" */ = {
			isa = XCConfigurationList;
			buildConfigurations = (
				7F6A93AE2065F3150039B898 /* Debug */,
				7F6A93AF2065F3150039B898 /* Release */,
			);
			defaultConfigurationIsVisible = 0;
			defaultConfigurationName = Release;
		};
		7F6A93B02065F3150039B898 /* Build configuration list for PBXNativeTarget "SampleCIAndCDUITests" */ = {
			isa = XCConfigurationList;
			buildConfigurations = (
				7F6A93B12065F3150039B898 /* Debug */,
				7F6A93B22065F3150039B898 /* Release */,
			);
			defaultConfigurationIsVisible = 0;
			defaultConfigurationName = Release;
		};
/* End XCConfigurationList section */

/* Begin XCVersionGroup section */
		7F6A93892065F3150039B898 /* SampleCIAndCD.xcdatamodeld */ = {
			isa = XCVersionGroup;
			children = (
				7F6A938A2065F3150039B898 /* SampleCIAndCD.xcdatamodel */,
			);
			currentVersion = 7F6A938A2065F3150039B898 /* SampleCIAndCD.xcdatamodel */;
			path = SampleCIAndCD.xcdatamodeld;
			sourceTree = "<group>";
			versionGroupType = wrapper.xcdatamodel;
		};
/* End XCVersionGroup section */
	};
	rootObject = 7F6A93772065F3150039B898 /* Project object */;
}
